// !$*UTF8*$!
{
	archiveVersion = 1;
	classes = {
	};
	objectVersion = 56;
	objects = {

/* Begin PBXBuildFile section */
		D68A830929EA513900D1A8F1 /* AppDelegate.swift in Sources */ = {isa = PBXBuildFile; fileRef = D68A830829EA513900D1A8F1 /* AppDelegate.swift */; };
		D68A830B29EA513900D1A8F1 /* SceneDelegate.swift in Sources */ = {isa = PBXBuildFile; fileRef = D68A830A29EA513900D1A8F1 /* SceneDelegate.swift */; };
		D68A831029EA513900D1A8F1 /* Main.storyboard in Resources */ = {isa = PBXBuildFile; fileRef = D68A830E29EA513900D1A8F1 /* Main.storyboard */; };
		D68A831229EA513A00D1A8F1 /* Assets.xcassets in Resources */ = {isa = PBXBuildFile; fileRef = D68A831129EA513A00D1A8F1 /* Assets.xcassets */; };
		D68A831529EA513A00D1A8F1 /* LaunchScreen.storyboard in Resources */ = {isa = PBXBuildFile; fileRef = D68A831329EA513A00D1A8F1 /* LaunchScreen.storyboard */; };
		D68A832029EA57AD00D1A8F1 /* MenuItem.swift in Sources */ = {isa = PBXBuildFile; fileRef = D68A831F29EA57AD00D1A8F1 /* MenuItem.swift */; };
		D68A832229EA57F400D1A8F1 /* MenuViewController.swift in Sources */ = {isa = PBXBuildFile; fileRef = D68A832129EA57F400D1A8F1 /* MenuViewController.swift */; };
		D68A832629EA58FA00D1A8F1 /* MenuCollectionViewCell.swift in Sources */ = {isa = PBXBuildFile; fileRef = D68A832529EA58FA00D1A8F1 /* MenuCollectionViewCell.swift */; };
		D68A832829EA598A00D1A8F1 /* DetailViewController.swift in Sources */ = {isa = PBXBuildFile; fileRef = D68A832729EA598A00D1A8F1 /* DetailViewController.swift */; };
		D68A832A29EA5B4A00D1A8F1 /* SlideDownTransitionAnimator.swift in Sources */ = {isa = PBXBuildFile; fileRef = D68A832929EA5B4A00D1A8F1 /* SlideDownTransitionAnimator.swift */; };
		D68A832C29EA605500D1A8F1 /* SlideRightTransitionAnimator.swift in Sources */ = {isa = PBXBuildFile; fileRef = D68A832B29EA605500D1A8F1 /* SlideRightTransitionAnimator.swift */; };
		D68A832E29EA64AD00D1A8F1 /* PopTransitionAnimator.swift in Sources */ = {isa = PBXBuildFile; fileRef = D68A832D29EA64AD00D1A8F1 /* PopTransitionAnimator.swift */; };
		D68A833129EA675200D1A8F1 /* RotateTransitionAnimator.swift in Sources */ = {isa = PBXBuildFile; fileRef = D68A833029EA675200D1A8F1 /* RotateTransitionAnimator.swift */; };
/* End PBXBuildFile section */

/* Begin PBXFileReference section */
		D68A830529EA513900D1A8F1 /* Navigation Transition Demo.app */ = {isa = PBXFileReference; explicitFileType = wrapper.application; includeInIndex = 0; path = "Navigation Transition Demo.app"; sourceTree = BUILT_PRODUCTS_DIR; };
		D68A830829EA513900D1A8F1 /* AppDelegate.swift */ = {isa = PBXFileReference; lastKnownFileType = sourcecode.swift; path = AppDelegate.swift; sourceTree = "<group>"; };
		D68A830A29EA513900D1A8F1 /* SceneDelegate.swift */ = {isa = PBXFileReference; lastKnownFileType = sourcecode.swift; path = SceneDelegate.swift; sourceTree = "<group>"; };
		D68A830F29EA513900D1A8F1 /* Base */ = {isa = PBXFileReference; lastKnownFileType = file.storyboard; name = Base; path = Base.lproj/Main.storyboard; sourceTree = "<group>"; };
		D68A831129EA513A00D1A8F1 /* Assets.xcassets */ = {isa = PBXFileReference; lastKnownFileType = folder.assetcatalog; path = Assets.xcassets; sourceTree = "<group>"; };
		D68A831429EA513A00D1A8F1 /* Base */ = {isa = PBXFileReference; lastKnownFileType = file.storyboard; name = Base; path = Base.lproj/LaunchScreen.storyboard; sourceTree = "<group>"; };
		D68A831629EA513A00D1A8F1 /* Info.plist */ = {isa = PBXFileReference; lastKnownFileType = text.plist.xml; path = Info.plist; sourceTree = "<group>"; };
		D68A831F29EA57AD00D1A8F1 /* MenuItem.swift */ = {isa = PBXFileReference; lastKnownFileType = sourcecode.swift; path = MenuItem.swift; sourceTree = "<group>"; };
		D68A832129EA57F400D1A8F1 /* MenuViewController.swift */ = {isa = PBXFileReference; lastKnownFileType = sourcecode.swift; path = MenuViewController.swift; sourceTree = "<group>"; };
		D68A832529EA58FA00D1A8F1 /* MenuCollectionViewCell.swift */ = {isa = PBXFileReference; lastKnownFileType = sourcecode.swift; path = MenuCollectionViewCell.swift; sourceTree = "<group>"; };
		D68A832729EA598A00D1A8F1 /* DetailViewController.swift */ = {isa = PBXFileReference; lastKnownFileType = sourcecode.swift; path = DetailViewController.swift; sourceTree = "<group>"; };
		D68A832929EA5B4A00D1A8F1 /* SlideDownTransitionAnimator.swift */ = {isa = PBXFileReference; lastKnownFileType = sourcecode.swift; path = SlideDownTransitionAnimator.swift; sourceTree = "<group>"; };
		D68A832B29EA605500D1A8F1 /* SlideRightTransitionAnimator.swift */ = {isa = PBXFileReference; lastKnownFileType = sourcecode.swift; path = SlideRightTransitionAnimator.swift; sourceTree = "<group>"; };
		D68A832D29EA64AD00D1A8F1 /* PopTransitionAnimator.swift */ = {isa = PBXFileReference; lastKnownFileType = sourcecode.swift; path = PopTransitionAnimator.swift; sourceTree = "<group>"; };
		D68A833029EA675200D1A8F1 /* RotateTransitionAnimator.swift */ = {isa = PBXFileReference; lastKnownFileType = sourcecode.swift; path = RotateTransitionAnimator.swift; sourceTree = "<group>"; };
/* End PBXFileReference section */

/* Begin PBXFrameworksBuildPhase section */
		D68A830229EA513900D1A8F1 /* Frameworks */ = {
			isa = PBXFrameworksBuildPhase;
			buildActionMask = 2147483647;
			files = (
			);
			runOnlyForDeploymentPostprocessing = 0;
		};
/* End PBXFrameworksBuildPhase section */

/* Begin PBXGroup section */
		D68A82FC29EA513900D1A8F1 = {
			isa = PBXGroup;
			children = (
				D68A830729EA513900D1A8F1 /* Navigation Transition Demo */,
				D68A830629EA513900D1A8F1 /* Products */,
			);
			sourceTree = "<group>";
		};
		D68A830629EA513900D1A8F1 /* Products */ = {
			isa = PBXGroup;
			children = (
				D68A830529EA513900D1A8F1 /* Navigation Transition Demo.app */,
			);
			name = Products;
			sourceTree = "<group>";
		};
		D68A830729EA513900D1A8F1 /* Navigation Transition Demo */ = {
			isa = PBXGroup;
			children = (
				D68A831E29EA579600D1A8F1 /* Controller */,
				D68A831D29EA579000D1A8F1 /* View */,
				D68A831C29EA578A00D1A8F1 /* Model */,
				D68A830829EA513900D1A8F1 /* AppDelegate.swift */,
				D68A830A29EA513900D1A8F1 /* SceneDelegate.swift */,
				D68A830E29EA513900D1A8F1 /* Main.storyboard */,
				D68A831129EA513A00D1A8F1 /* Assets.xcassets */,
				D68A831329EA513A00D1A8F1 /* LaunchScreen.storyboard */,
				D68A831629EA513A00D1A8F1 /* Info.plist */,
			);
			path = "Navigation Transition Demo";
			sourceTree = "<group>";
		};
		D68A831C29EA578A00D1A8F1 /* Model */ = {
			isa = PBXGroup;
			children = (
				D68A831F29EA57AD00D1A8F1 /* MenuItem.swift */,
			);
			path = Model;
			sourceTree = "<group>";
		};
		D68A831D29EA579000D1A8F1 /* View */ = {
			isa = PBXGroup;
			children = (
				D68A832529EA58FA00D1A8F1 /* MenuCollectionViewCell.swift */,
				D68A832929EA5B4A00D1A8F1 /* SlideDownTransitionAnimator.swift */,
				D68A832B29EA605500D1A8F1 /* SlideRightTransitionAnimator.swift */,
				D68A832D29EA64AD00D1A8F1 /* PopTransitionAnimator.swift */,
				D68A833029EA675200D1A8F1 /* RotateTransitionAnimator.swift */,
			);
			path = View;
			sourceTree = "<group>";
		};
		D68A831E29EA579600D1A8F1 /* Controller */ = {
			isa = PBXGroup;
			children = (
				D68A832129EA57F400D1A8F1 /* MenuViewController.swift */,
				D68A832729EA598A00D1A8F1 /* DetailViewController.swift */,
			);
			path = Controller;
			sourceTree = "<group>";
		};
/* End PBXGroup section */

/* Begin PBXNativeTarget section */
		D68A830429EA513900D1A8F1 /* Navigation Transition Demo */ = {
			isa = PBXNativeTarget;
			buildConfigurationList = D68A831929EA513A00D1A8F1 /* Build configuration list for PBXNativeTarget "Navigation Transition Demo" */;
			buildPhases = (
				D68A830129EA513900D1A8F1 /* Sources */,
				D68A830229EA513900D1A8F1 /* Frameworks */,
				D68A830329EA513900D1A8F1 /* Resources */,
			);
			buildRules = (
			);
			dependencies = (
			);
			name = "Navigation Transition Demo";
			productName = "Navigation Transition Demo";
			productReference = D68A830529EA513900D1A8F1 /* Navigation Transition Demo.app */;
			productType = "com.apple.product-type.application";
		};
/* End PBXNativeTarget section */

/* Begin PBXProject section */
		D68A82FD29EA513900D1A8F1 /* Project object */ = {
			isa = PBXProject;
			attributes = {
				BuildIndependentTargetsInParallel = 1;
				LastSwiftUpdateCheck = 1420;
				LastUpgradeCheck = 1420;
				TargetAttributes = {
					D68A830429EA513900D1A8F1 = {
						CreatedOnToolsVersion = 14.2;
					};
				};
			};
			buildConfigurationList = D68A830029EA513900D1A8F1 /* Build configuration list for PBXProject "Navigation Transition Demo" */;
			compatibilityVersion = "Xcode 14.0";
			developmentRegion = en;
			hasScannedForEncodings = 0;
			knownRegions = (
				en,
				Base,
			);
			mainGroup = D68A82FC29EA513900D1A8F1;
			productRefGroup = D68A830629EA513900D1A8F1 /* Products */;
			projectDirPath = "";
			projectRoot = "";
			targets = (
				D68A830429EA513900D1A8F1 /* Navigation Transition Demo */,
			);
		};
/* End PBXProject section */

/* Begin PBXResourcesBuildPhase section */
		D68A830329EA513900D1A8F1 /* Resources */ = {
			isa = PBXResourcesBuildPhase;
			buildActionMask = 2147483647;
			files = (
				D68A831529EA513A00D1A8F1 /* LaunchScreen.storyboard in Resources */,
				D68A831229EA513A00D1A8F1 /* Assets.xcassets in Resources */,
				D68A831029EA513900D1A8F1 /* Main.storyboard in Resources */,
			);
			runOnlyForDeploymentPostprocessing = 0;
		};
/* End PBXResourcesBuildPhase section */

/* Begin PBXSourcesBuildPhase section */
		D68A830129EA513900D1A8F1 /* Sources */ = {
			isa = PBXSourcesBuildPhase;
			buildActionMask = 2147483647;
			files = (
				D68A832029EA57AD00D1A8F1 /* MenuItem.swift in Sources */,
				D68A830929EA513900D1A8F1 /* AppDelegate.swift in Sources */,
				D68A832C29EA605500D1A8F1 /* SlideRightTransitionAnimator.swift in Sources */,
				D68A832E29EA64AD00D1A8F1 /* PopTransitionAnimator.swift in Sources */,
				D68A833129EA675200D1A8F1 /* RotateTransitionAnimator.swift in Sources */,
				D68A832A29EA5B4A00D1A8F1 /* SlideDownTransitionAnimator.swift in Sources */,
				D68A830B29EA513900D1A8F1 /* SceneDelegate.swift in Sources */,
				D68A832829EA598A00D1A8F1 /* DetailViewController.swift in Sources */,
				D68A832229EA57F400D1A8F1 /* MenuViewController.swift in Sources */,
				D68A832629EA58FA00D1A8F1 /* MenuCollectionViewCell.swift in Sources */,
			);
			runOnlyForDeploymentPostprocessing = 0;
		};
/* End PBXSourcesBuildPhase section */

/* Begin PBXVariantGroup section */
		D68A830E29EA513900D1A8F1 /* Main.storyboard */ = {
			isa = PBXVariantGroup;
			children = (
				D68A830F29EA513900D1A8F1 /* Base */,
			);
			name = Main.storyboard;
			sourceTree = "<group>";
		};
		D68A831329EA513A00D1A8F1 /* LaunchScreen.storyboard */ = {
			isa = PBXVariantGroup;
			children = (
				D68A831429EA513A00D1A8F1 /* Base */,
			);
			name = LaunchScreen.storyboard;
			sourceTree = "<group>";
		};
/* End PBXVariantGroup section */

/* Begin XCBuildConfiguration section */
		D68A831729EA513A00D1A8F1 /* Debug */ = {
			isa = XCBuildConfiguration;
			buildSettings = {
				ALWAYS_SEARCH_USER_PATHS = NO;
				CLANG_ANALYZER_NONNULL = YES;
				CLANG_ANALYZER_NUMBER_OBJECT_CONVERSION = YES_AGGRESSIVE;
				CLANG_CXX_LANGUAGE_STANDARD = "gnu++20";
				CLANG_ENABLE_MODULES = YES;
				CLANG_ENABLE_OBJC_ARC = YES;
				CLANG_ENABLE_OBJC_WEAK = YES;
				CLANG_WARN_BLOCK_CAPTURE_AUTORELEASING = YES;
				CLANG_WARN_BOOL_CONVERSION = YES;
				CLANG_WARN_COMMA = YES;
				CLANG_WARN_CONSTANT_CONVERSION = YES;
				CLANG_WARN_DEPRECATED_OBJC_IMPLEMENTATIONS = YES;
				CLANG_WARN_DIRECT_OBJC_ISA_USAGE = YES_ERROR;
				CLANG_WARN_DOCUMENTATION_COMMENTS = YES;
				CLANG_WARN_EMPTY_BODY = YES;
				CLANG_WARN_ENUM_CONVERSION = YES;
				CLANG_WARN_INFINITE_RECURSION = YES;
				CLANG_WARN_INT_CONVERSION = YES;
				CLANG_WARN_NON_LITERAL_NULL_CONVERSION = YES;
				CLANG_WARN_OBJC_IMPLICIT_RETAIN_SELF = YES;
				CLANG_WARN_OBJC_LITERAL_CONVERSION = YES;
				CLANG_WARN_OBJC_ROOT_CLASS = YES_ERROR;
				CLANG_WARN_QUOTED_INCLUDE_IN_FRAMEWORK_HEADER = YES;
				CLANG_WARN_RANGE_LOOP_ANALYSIS = YES;
				CLANG_WARN_STRICT_PROTOTYPES = YES;
				CLANG_WARN_SUSPICIOUS_MOVE = YES;
				CLANG_WARN_UNGUARDED_AVAILABILITY = YES_AGGRESSIVE;
				CLANG_WARN_UNREACHABLE_CODE = YES;
				CLANG_WARN__DUPLICATE_METHOD_MATCH = YES;
				COPY_PHASE_STRIP = NO;
				DEBUG_INFORMATION_FORMAT = dwarf;
				ENABLE_STRICT_OBJC_MSGSEND = YES;
				ENABLE_TESTABILITY = YES;
				GCC_C_LANGUAGE_STANDARD = gnu11;
				GCC_DYNAMIC_NO_PIC = NO;
				GCC_NO_COMMON_BLOCKS = YES;
				GCC_OPTIMIZATION_LEVEL = 0;
				GCC_PREPROCESSOR_DEFINITIONS = (
					"DEBUG=1",
					"$(inherited)",
				);
				GCC_WARN_64_TO_32_BIT_CONVERSION = YES;
				GCC_WARN_ABOUT_RETURN_TYPE = YES_ERROR;
				GCC_WARN_UNDECLARED_SELECTOR = YES;
				GCC_WARN_UNINITIALIZED_AUTOS = YES_AGGRESSIVE;
				GCC_WARN_UNUSED_FUNCTION = YES;
				GCC_WARN_UNUSED_VARIABLE = YES;
				IPHONEOS_DEPLOYMENT_TARGET = 16.2;
				MTL_ENABLE_DEBUG_INFO = INCLUDE_SOURCE;
				MTL_FAST_MATH = YES;
				ONLY_ACTIVE_ARCH = YES;
				SDKROOT = iphoneos;
				SWIFT_ACTIVE_COMPILATION_CONDITIONS = DEBUG;
				SWIFT_OPTIMIZATION_LEVEL = "-Onone";
			};
			name = Debug;
		};
		D68A831829EA513A00D1A8F1 /* Release */ = {
			isa = XCBuildConfiguration;
			buildSettings = {
				ALWAYS_SEARCH_USER_PATHS = NO;
				CLANG_ANALYZER_NONNULL = YES;
				CLANG_ANALYZER_NUMBER_OBJECT_CONVERSION = YES_AGGRESSIVE;
				CLANG_CXX_LANGUAGE_STANDARD = "gnu++20";
				CLANG_ENABLE_MODULES = YES;
				CLANG_ENABLE_OBJC_ARC = YES;
				CLANG_ENABLE_OBJC_WEAK = YES;
				CLANG_WARN_BLOCK_CAPTURE_AUTORELEASING = YES;
				CLANG_WARN_BOOL_CONVERSION = YES;
				CLANG_WARN_COMMA = YES;
				CLANG_WARN_CONSTANT_CONVERSION = YES;
				CLANG_WARN_DEPRECATED_OBJC_IMPLEMENTATIONS = YES;
				CLANG_WARN_DIRECT_OBJC_ISA_USAGE = YES_ERROR;
				CLANG_WARN_DOCUMENTATION_COMMENTS = YES;
				CLANG_WARN_EMPTY_BODY = YES;
				CLANG_WARN_ENUM_CONVERSION = YES;
				CLANG_WARN_INFINITE_RECURSION = YES;
				CLANG_WARN_INT_CONVERSION = YES;
				CLANG_WARN_NON_LITERAL_NULL_CONVERSION = YES;
				CLANG_WARN_OBJC_IMPLICIT_RETAIN_SELF = YES;
				CLANG_WARN_OBJC_LITERAL_CONVERSION = YES;
				CLANG_WARN_OBJC_ROOT_CLASS = YES_ERROR;
				CLANG_WARN_QUOTED_INCLUDE_IN_FRAMEWORK_HEADER = YES;
				CLANG_WARN_RANGE_LOOP_ANALYSIS = YES;
				CLANG_WARN_STRICT_PROTOTYPES = YES;
				CLANG_WARN_SUSPICIOUS_MOVE = YES;
				CLANG_WARN_UNGUARDED_AVAILABILITY = YES_AGGRESSIVE;
				CLANG_WARN_UNREACHABLE_CODE = YES;
				CLANG_WARN__DUPLICATE_METHOD_MATCH = YES;
				COPY_PHASE_STRIP = NO;
				DEBUG_INFORMATION_FORMAT = "dwarf-with-dsym";
				ENABLE_NS_ASSERTIONS = NO;
				ENABLE_STRICT_OBJC_MSGSEND = YES;
				GCC_C_LANGUAGE_STANDARD = gnu11;
				GCC_NO_COMMON_BLOCKS = YES;
				GCC_WARN_64_TO_32_BIT_CONVERSION = YES;
				GCC_WARN_ABOUT_RETURN_TYPE = YES_ERROR;
				GCC_WARN_UNDECLARED_SELECTOR = YES;
				GCC_WARN_UNINITIALIZED_AUTOS = YES_AGGRESSIVE;
				GCC_WARN_UNUSED_FUNCTION = YES;
				GCC_WARN_UNUSED_VARIABLE = YES;
				IPHONEOS_DEPLOYMENT_TARGET = 16.2;
				MTL_ENABLE_DEBUG_INFO = NO;
				MTL_FAST_MATH = YES;
				SDKROOT = iphoneos;
				SWIFT_COMPILATION_MODE = wholemodule;
				SWIFT_OPTIMIZATION_LEVEL = "-O";
				VALIDATE_PRODUCT = YES;
			};
			name = Release;
		};
		D68A831A29EA513A00D1A8F1 /* Debug */ = {
			isa = XCBuildConfiguration;
			buildSettings = {
				ASSETCATALOG_COMPILER_APPICON_NAME = AppIcon;
				ASSETCATALOG_COMPILER_GLOBAL_ACCENT_COLOR_NAME = AccentColor;
				CODE_SIGN_STYLE = Automatic;
				CURRENT_PROJECT_VERSION = 1;
				DEVELOPMENT_TEAM = WPG5J57J5Q;
				GENERATE_INFOPLIST_FILE = YES;
				INFOPLIST_FILE = "Navigation Transition Demo/Info.plist";
				INFOPLIST_KEY_UIApplicationSupportsIndirectInputEvents = YES;
				INFOPLIST_KEY_UILaunchStoryboardName = LaunchScreen;
				INFOPLIST_KEY_UIMainStoryboardFile = Main;
				INFOPLIST_KEY_UISupportedInterfaceOrientations_iPad = "UIInterfaceOrientationPortrait UIInterfaceOrientationPortraitUpsideDown UIInterfaceOrientationLandscapeLeft UIInterfaceOrientationLandscapeRight";
				INFOPLIST_KEY_UISupportedInterfaceOrientations_iPhone = "UIInterfaceOrientationPortrait UIInterfaceOrientationLandscapeLeft UIInterfaceOrientationLandscapeRight";
				LD_RUNPATH_SEARCH_PATHS = (
					"$(inherited)",
					"@executable_path/Frameworks",
				);
				MARKETING_VERSION = 1.0;
				PRODUCT_BUNDLE_IDENTIFIER = "id.signal.Navigation-Transition-Demo";
				PRODUCT_NAME = "$(TARGET_NAME)";
				SWIFT_EMIT_LOC_STRINGS = YES;
				SWIFT_VERSION = 5.0;
				TARGETED_DEVICE_FAMILY = "1,2";
			};
			name = Debug;
		};
		D68A831B29EA513A00D1A8F1 /* Release */ = {
			isa = XCBuildConfiguration;
			buildSettings = {
				ASSETCATALOG_COMPILER_APPICON_NAME = AppIcon;
				ASSETCATALOG_COMPILER_GLOBAL_ACCENT_COLOR_NAME = AccentColor;
				CODE_SIGN_STYLE = Automatic;
				CURRENT_PROJECT_VERSION = 1;
				DEVELOPMENT_TEAM = WPG5J57J5Q;
				GENERATE_INFOPLIST_FILE = YES;
				INFOPLIST_FILE = "Navigation Transition Demo/Info.plist";
				INFOPLIST_KEY_UIApplicationSupportsIndirectInputEvents = YES;
				INFOPLIST_KEY_UILaunchStoryboardName = LaunchScreen;
				INFOPLIST_KEY_UIMainStoryboardFile = Main;
				INFOPLIST_KEY_UISupportedInterfaceOrientations_iPad = "UIInterfaceOrientationPortrait UIInterfaceOrientationPortraitUpsideDown UIInterfaceOrientationLandscapeLeft UIInterfaceOrientationLandscapeRight";
				INFOPLIST_KEY_UISupportedInterfaceOrientations_iPhone = "UIInterfaceOrientationPortrait UIInterfaceOrientationLandscapeLeft UIInterfaceOrientationLandscapeRight";
				LD_RUNPATH_SEARCH_PATHS = (
					"$(inherited)",
					"@executable_path/Frameworks",
				);
				MARKETING_VERSION = 1.0;
				PRODUCT_BUNDLE_IDENTIFIER = "id.signal.Navigation-Transition-Demo";
				PRODUCT_NAME = "$(TARGET_NAME)";
				SWIFT_EMIT_LOC_STRINGS = YES;
				SWIFT_VERSION = 5.0;
				TARGETED_DEVICE_FAMILY = "1,2";
			};
			name = Release;
		};
/* End XCBuildConfiguration section */

/* Begin XCConfigurationList section */
		D68A830029EA513900D1A8F1 /* Build configuration list for PBXProject "Navigation Transition Demo" */ = {
			isa = XCConfigurationList;
			buildConfigurations = (
				D68A831729EA513A00D1A8F1 /* Debug */,
				D68A831829EA513A00D1A8F1 /* Release */,
			);
			defaultConfigurationIsVisible = 0;
			defaultConfigurationName = Release;
		};
		D68A831929EA513A00D1A8F1 /* Build configuration list for PBXNativeTarget "Navigation Transition Demo" */ = {
			isa = XCConfigurationList;
			buildConfigurations = (
				D68A831A29EA513A00D1A8F1 /* Debug */,
				D68A831B29EA513A00D1A8F1 /* Release */,
			);
			defaultConfigurationIsVisible = 0;
			defaultConfigurationName = Release;
		};
/* End XCConfigurationList section */
	};
	rootObject = D68A82FD29EA513900D1A8F1 /* Project object */;
}
